
Microsoft Visual Studio Solution File, Format Version 12.00
# Visual Studio Version 16
VisualStudioVersion = 16.0.31019.35
MinimumVisualStudioVersion = 10.0.40219.1
Project("{FAE04EC0-301F-11D3-BF4B-00C04F79EFBC}") = "UC1_Cartesian", "UC1_Cartesian\UC1_Cartesian.csproj", "{EECB6E5D-A099-4DED-94B9-EEF3174897DF}"
EndProject
Global
	GlobalSection(SolutionConfigurationPlatforms) = preSolution
		Debug|Any CPU = Debug|Any CPU
		Release|Any CPU = Release|Any CPU
	EndGlobalSection
	GlobalSection(ProjectConfigurationPlatforms) = postSolution
		{EECB6E5D-A099-4DED-94B9-EEF3174897DF}.Debug|Any CPU.ActiveCfg = Debug|Any CPU
		{EECB6E5D-A099-4DED-94B9-EEF3174897DF}.Debug|Any CPU.Build.0 = Debug|Any CPU
		{EECB6E5D-A099-4DED-94B9-EEF3174897DF}.Release|Any CPU.ActiveCfg = Release|Any CPU
		{EECB6E5D-A099-4DED-94B9-EEF3174897DF}.Release|Any CPU.Build.0 = Release|Any CPU
	EndGlobalSection
	GlobalSection(SolutionProperties) = preSolution
		HideSolutionNode = FALSE
	EndGlobalSection
	GlobalSection(ExtensibilityGlobals) = postSolution
		SolutionGuid = {587172C8-304E-4657-844D-91F1FF14E433}
	EndGlobalSection
EndGlobal
